{
  "name": "hypercore",
  "version": "1.0.0",
  "lockfileVersion": 3,
  "requires": true,
  "packages": {
    "": {
      "name": "hypercore",
      "version": "1.0.0",
      "license": "ISC",
      "dependencies": {
        "b4a": "^1.6.7",
        "dotenv": "^16.4.7",
        "graceful-goodbye": "^1.3.3",
        "hyperdht": "^6.20.1"
      },
      "devDependencies": {
        "typescript": "^5.8.2"
      }
    },
    "node_modules/@hyperswarm/secret-stream": {
      "version": "6.7.1",
      "resolved": "https://registry.npmjs.org/@hyperswarm/secret-stream/-/secret-stream-6.7.1.tgz",
      "integrity": "sha512-isb18Pt6lXBpOQMRmpqItw+kYynXilOFyOhto/RMP15WQtTWC0rR5jfZPYXU7ZYV6Kxd2lyQ4ZBevoIcvEJHEQ==",
      "license": "Apache-2.0",
      "dependencies": {
        "b4a": "^1.1.0",
        "hypercore-crypto": "^3.3.1",
        "noise-curve-ed": "^2.0.1",
        "noise-handshake": "^3.0.2",
        "sodium-secretstream": "^1.1.0",
        "sodium-universal": "^4.0.0",
        "streamx": "^2.14.0",
        "timeout-refresh": "^2.0.0",
        "unslab": "^1.3.0"
      }
    },
    "node_modules/b4a": {
      "version": "1.6.7",
      "resolved": "https://registry.npmjs.org/b4a/-/b4a-1.6.7.tgz",
      "integrity": "sha512-OnAYlL5b7LEkALw87fUVafQw5rVR9RjwGd4KUwNQ6DrrNmaVaUCgLipfVlzrPQ4tWOR9P0IXGNOx50jYCCdSJg==",
      "license": "Apache-2.0"
    },
    "node_modules/bare-addon-resolve": {
      "version": "1.9.3",
      "resolved": "https://registry.npmjs.org/bare-addon-resolve/-/bare-addon-resolve-1.9.3.tgz",
      "integrity": "sha512-0W343p8kVy9KimDMrxJtJct/ILWL8gzC0Wwg/Fn/GgQplHvrllyz4fPobUVG5+gx9BokWttzg8FYypQP7V5nrA==",
      "license": "Apache-2.0",
      "dependencies": {
        "bare-module-resolve": "^1.10.0",
        "bare-semver": "^1.0.0"
      },
      "peerDependencies": {
        "bare-url": "*"
      },
      "peerDependenciesMeta": {
        "bare-url": {
          "optional": true
        }
      }
    },
    "node_modules/bare-env": {
      "version": "3.0.0",
      "resolved": "https://registry.npmjs.org/bare-env/-/bare-env-3.0.0.tgz",
      "integrity": "sha512-0u964P5ZLAxTi+lW4Kjp7YRJQ5gZr9ycYOtjLxsSrupgMz3sn5Z9n4SH/JIifHwvadsf1brA2JAjP+9IOWwTiw==",
      "license": "Apache-2.0",
      "dependencies": {
        "bare-os": "^3.0.1"
      }
    },
    "node_modules/bare-events": {
      "version": "2.5.4",
      "resolved": "https://registry.npmjs.org/bare-events/-/bare-events-2.5.4.tgz",
      "integrity": "sha512-+gFfDkR8pj4/TrWCGUGWmJIkBwuxPS5F+a5yWjOHQt2hHvNZd5YLzadjmDUtFmMM4y429bnKLa8bYBMHcYdnQA==",
      "license": "Apache-2.0"
    },
    "node_modules/bare-hrtime": {
      "version": "2.0.11",
      "resolved": "https://registry.npmjs.org/bare-hrtime/-/bare-hrtime-2.0.11.tgz",
      "integrity": "sha512-Mnb2rnGRSHzNHQwFrK8VVqD8Oob/CiSsBlgZGKQ1xTj25GPI19sXHjUPzrkHOU1DaoVj1ig1VO7rZGaYOfXPaw==",
      "license": "Apache-2.0"
    },
    "node_modules/bare-module-resolve": {
      "version": "1.10.2",
      "resolved": "https://registry.npmjs.org/bare-module-resolve/-/bare-module-resolve-1.10.2.tgz",
      "integrity": "sha512-C9COe/GhWfVXKytW3DElTkiBU+Gb2OXeaVkdGdRB/lp26TVLESHkTGS876iceAGdvtPgohfp9nX8vXHGvN3++Q==",
      "license": "Apache-2.0",
      "dependencies": {
        "bare-semver": "^1.0.0"
      },
      "peerDependencies": {
        "bare-url": "*"
      },
      "peerDependenciesMeta": {
        "bare-url": {
          "optional": true
        }
      }
    },
    "node_modules/bare-os": {
      "version": "3.6.1",
      "resolved": "https://registry.npmjs.org/bare-os/-/bare-os-3.6.1.tgz",
      "integrity": "sha512-uaIjxokhFidJP+bmmvKSgiMzj2sV5GPHaZVAIktcxcpCyBFFWO+YlikVAdhmUo2vYFvFhOXIAlldqV29L8126g==",
      "license": "Apache-2.0",
      "engines": {
        "bare": ">=1.14.0"
      }
    },
    "node_modules/bare-path": {
      "version": "3.0.0",
      "resolved": "https://registry.npmjs.org/bare-path/-/bare-path-3.0.0.tgz",
      "integrity": "sha512-tyfW2cQcB5NN8Saijrhqn0Zh7AnFNsnczRcuWODH0eYAXBsJ5gVxAUuNr7tsHSC6IZ77cA0SitzT+s47kot8Mw==",
      "license": "Apache-2.0",
      "dependencies": {
        "bare-os": "^3.0.1"
      }
    },
    "node_modules/bare-pipe": {
      "version": "4.0.5",
      "resolved": "https://registry.npmjs.org/bare-pipe/-/bare-pipe-4.0.5.tgz",
      "integrity": "sha512-pGI5lPp0QMecENYm1KxAeM0pomByCB4ubUt2C78xaagH4et6Bc2OTzM0y3Bc91AT8ERIG4iNPmAKVjgaxYcwIQ==",
      "license": "Apache-2.0",
      "dependencies": {
        "bare-events": "^2.0.0",
        "bare-stream": "^2.0.0"
      },
      "engines": {
        "bare": ">=1.16.0"
      }
    },
    "node_modules/bare-process": {
      "version": "4.1.2",
      "resolved": "https://registry.npmjs.org/bare-process/-/bare-process-4.1.2.tgz",
      "integrity": "sha512-tZbzN53Qb6mXIHVewkGRpHjDADXliHnUVYfbZInVd8WHYHhKqTLsY/PV4mg6eDWOfMk/Ybo0aYlB6asmA47WuQ==",
      "license": "Apache-2.0",
      "dependencies": {
        "bare-env": "^3.0.0",
        "bare-events": "^2.3.1",
        "bare-hrtime": "^2.0.0",
        "bare-os": "^3.5.0",
        "bare-pipe": "^4.0.0",
        "bare-signals": "^4.0.0",
        "bare-tty": "^5.0.0"
      }
    },
    "node_modules/bare-semver": {
      "version": "1.0.1",
      "resolved": "https://registry.npmjs.org/bare-semver/-/bare-semver-1.0.1.tgz",
      "integrity": "sha512-UtggzHLiTrmFOC/ogQ+Hy7VfoKoIwrP1UFcYtTxoCUdLtsIErT8+SWtOC2DH/snT9h+xDrcBEPcwKei1mzemgg==",
      "license": "Apache-2.0"
    },
    "node_modules/bare-signals": {
      "version": "4.0.2",
      "resolved": "https://registry.npmjs.org/bare-signals/-/bare-signals-4.0.2.tgz",
      "integrity": "sha512-+V7ngZRbkQDN6OJj1/Evm725HeXvZ3onHI52jBi/LJAe2bSPn2sNZI1Y9xu0MlebhROdRTqa7lpN/OQVDMRt3g==",
      "license": "Apache-2.0",
      "dependencies": {
        "bare-events": "^2.5.3",
        "bare-os": "^3.3.1"
      },
      "engines": {
        "bare": ">=1.7.0"
      }
    },
    "node_modules/bare-stream": {
      "version": "2.6.5",
      "resolved": "https://registry.npmjs.org/bare-stream/-/bare-stream-2.6.5.tgz",
      "integrity": "sha512-jSmxKJNJmHySi6hC42zlZnq00rga4jjxcgNZjY9N5WlOe/iOoGRtdwGsHzQv2RlH2KOYMwGUXhf2zXd32BA9RA==",
      "license": "Apache-2.0",
      "dependencies": {
        "streamx": "^2.21.0"
      },
      "peerDependencies": {
        "bare-buffer": "*",
        "bare-events": "*"
      },
      "peerDependenciesMeta": {
        "bare-buffer": {
          "optional": true
        },
        "bare-events": {
          "optional": true
        }
      }
    },
    "node_modules/bare-tty": {
      "version": "5.0.2",
      "resolved": "https://registry.npmjs.org/bare-tty/-/bare-tty-5.0.2.tgz",
      "integrity": "sha512-xOHwI7zZl2Opm7Rul5O+okE32j7O14feJhgovJX2EghtQ2IWVfiC1oH0DmFruMvKthvhZY/Lpg8n5SVBaZhV1A==",
      "license": "Apache-2.0",
      "dependencies": {
        "bare-events": "^2.2.0",
        "bare-signals": "^4.0.0",
        "bare-stream": "^2.0.0"
      },
      "engines": {
        "bare": ">=1.16.0"
      }
    },
    "node_modules/bare-url": {
      "version": "2.1.4",
      "resolved": "https://registry.npmjs.org/bare-url/-/bare-url-2.1.4.tgz",
      "integrity": "sha512-eKwiYS8m5utvqWFFDDAwvG53KE2fFlxmit1O1I1GLmRtMZr01ZQOw+GZ+Q1QVd0vZ/tKBulVPlV/cDw1tpahRw==",
      "license": "Apache-2.0",
      "dependencies": {
        "bare-path": "^3.0.0"
      }
    },
    "node_modules/bits-to-bytes": {
      "version": "1.3.0",
      "resolved": "https://registry.npmjs.org/bits-to-bytes/-/bits-to-bytes-1.3.0.tgz",
      "integrity": "sha512-OJoHTpFXS9bXHBCekGTByf3MqM8CGblBDIduKQeeVVeiU9dDWywSSirXIBYGgg3d1zbVuvnMa1vD4r6PA0kOKg==",
      "license": "ISC",
      "dependencies": {
        "b4a": "^1.5.0"
      }
    },
    "node_modules/blind-relay": {
      "version": "1.3.3",
      "resolved": "https://registry.npmjs.org/blind-relay/-/blind-relay-1.3.3.tgz",
      "integrity": "sha512-J49HZaRLA+jgmIA+J01x0NzDtNMQVzuFfz7CnLLijIUMJkxTbaexIGI/tfk6LONcr/+INmgbS8gMLeuaRvfreA==",
      "license": "Apache-2.0",
      "dependencies": {
        "b4a": "^1.6.4",
        "bare-events": "^2.2.0",
        "bits-to-bytes": "^1.3.0",
        "compact-encoding": "^2.12.0",
        "compact-encoding-bitfield": "^1.0.0",
        "hypertrace": "^1.4.1",
        "protomux": "^3.5.1",
        "sodium-universal": "^4.0.0",
        "streamx": "^2.15.1"
      }
    },
    "node_modules/bogon": {
      "version": "1.1.0",
      "resolved": "https://registry.npmjs.org/bogon/-/bogon-1.1.0.tgz",
      "integrity": "sha512-a6SnToksXHuUlgeMvI/txWmTcKz7c7iBa8f0HbXL4toN1Uza/CTQ4F7n9jSDX49TCpxv3KUP100q4sZfwLyLiw==",
      "license": "MIT",
      "dependencies": {
        "compact-encoding": "^2.11.0",
        "compact-encoding-net": "^1.2.0"
      }
    },
    "node_modules/compact-encoding": {
      "version": "2.16.0",
      "resolved": "https://registry.npmjs.org/compact-encoding/-/compact-encoding-2.16.0.tgz",
      "integrity": "sha512-zG2ul4Egc8ktfmj2vYiC6s/U3u1OkNyUGj32jrJq6qcJ4atGcEpVr+AI+VDJ3oteNfGIw/uol4oBQyB74OeGvw==",
      "license": "Apache-2.0",
      "dependencies": {
        "b4a": "^1.3.0"
      }
    },
    "node_modules/compact-encoding-bitfield": {
      "version": "1.0.0",
      "resolved": "https://registry.npmjs.org/compact-encoding-bitfield/-/compact-encoding-bitfield-1.0.0.tgz",
      "integrity": "sha512-3nMVKUg+PF72UHfainmCL8uKvyWfxsjqOtUY+HiMPGLPCTjnwzoKfFAMo1Ad7nwTPdjBqtGK5b3BOFTFW4EBTg==",
      "license": "ISC",
      "dependencies": {
        "compact-encoding": "^2.4.1"
      }
    },
    "node_modules/compact-encoding-net": {
      "version": "1.2.0",
      "resolved": "https://registry.npmjs.org/compact-encoding-net/-/compact-encoding-net-1.2.0.tgz",
      "integrity": "sha512-LVXpNpF7PGQeHRVVLGgYWzuVoYAaDZvKUsUxRioGfkotzvOh4AzoQF1HBH3zMNaSnx7gJXuUr3hkjnijaH/Eng==",
      "license": "ISC",
      "dependencies": {
        "compact-encoding": "^2.4.1"
      }
    },
    "node_modules/dht-rpc": {
      "version": "6.17.0",
      "resolved": "https://registry.npmjs.org/dht-rpc/-/dht-rpc-6.17.0.tgz",
      "integrity": "sha512-pBO7Hv4a/Kfe5i97L5NTcnqg1D0NpLrGKqcnt2C3XJviIpF1Qh23FveOEDfR44tESliNm4Yzfc6gGMH6MrpDCg==",
      "license": "MIT",
      "dependencies": {
        "b4a": "^1.6.1",
        "bare-events": "^2.2.0",
        "compact-encoding": "^2.11.0",
        "compact-encoding-net": "^1.2.0",
        "fast-fifo": "^1.1.0",
        "kademlia-routing-table": "^1.0.1",
        "nat-sampler": "^1.0.1",
        "sodium-universal": "^4.0.0",
        "streamx": "^2.13.2",
        "time-ordered-set": "^2.0.0",
        "udx-native": "^1.5.3"
      }
    },
    "node_modules/dotenv": {
      "version": "16.4.7",
      "resolved": "https://registry.npmjs.org/dotenv/-/dotenv-16.4.7.tgz",
      "integrity": "sha512-47qPchRCykZC03FhkYAhrvwU4xDBFIj1QPqaarj6mdM/hgUzfPHcpkHJOn3mJAufFeeAxAzeGsr5X0M4k6fLZQ==",
      "license": "BSD-2-Clause",
      "engines": {
        "node": ">=12"
      },
      "funding": {
        "url": "https://dotenvx.com"
      }
    },
    "node_modules/fast-fifo": {
      "version": "1.3.2",
      "resolved": "https://registry.npmjs.org/fast-fifo/-/fast-fifo-1.3.2.tgz",
      "integrity": "sha512-/d9sfos4yxzpwkDkuN7k2SqFKtYNmCTzgfEpz82x34IM9/zc8KGxQoXg1liNC/izpRM/MBdt44Nmx41ZWqk+FQ==",
      "license": "MIT"
    },
    "node_modules/graceful-goodbye": {
      "version": "1.3.3",
      "resolved": "https://registry.npmjs.org/graceful-goodbye/-/graceful-goodbye-1.3.3.tgz",
      "integrity": "sha512-ABj07mmHrK3FC8fJ3PP5QCrbA31zkB4Qg34NFmYgwJnBxzfbRmtMzOg54PL55OG5sFjvmBzD0q85JAtRlA3dSA==",
      "license": "MIT",
      "dependencies": {
        "bare-process": "^4.0.0",
        "safety-catch": "^1.0.2"
      }
    },
    "node_modules/hypercore-crypto": {
      "version": "3.5.0",
      "resolved": "https://registry.npmjs.org/hypercore-crypto/-/hypercore-crypto-3.5.0.tgz",
      "integrity": "sha512-jIhMtPsBfomxruq5TsCl+jhMYsjWBOsSllQy006OFInoRhfIpXpcE28o1wU6qdMRdvzoEIiWmFxJC3SRUmt3WA==",
      "license": "MIT",
      "dependencies": {
        "b4a": "^1.6.6",
        "compact-encoding": "^2.15.0",
        "sodium-universal": "^4.0.1"
      }
    },
    "node_modules/hypercore-id-encoding": {
      "version": "1.3.0",
      "resolved": "https://registry.npmjs.org/hypercore-id-encoding/-/hypercore-id-encoding-1.3.0.tgz",
      "integrity": "sha512-W6sHdGo5h7LXEsoWfKf/KfuROZmZRQDlGqJF2EPHW+noCK66Vvr0+zE6cL0vqQi18s0kQPeN7Sq3QyR0Ytc2VQ==",
      "license": "Apache-2.0",
      "dependencies": {
        "b4a": "^1.5.3",
        "z32": "^1.0.0"
      }
    },
    "node_modules/hyperdht": {
      "version": "6.20.1",
      "resolved": "https://registry.npmjs.org/hyperdht/-/hyperdht-6.20.1.tgz",
      "integrity": "sha512-0UO5rrxOwZLmpDApX49GmhdbZOpVIG9VvudlReH8GS4Upz2HNR75GIPChRClkfpD3Lo80yWJHfitnKiqo7tC6w==",
      "license": "MIT",
      "dependencies": {
        "@hyperswarm/secret-stream": "^6.6.2",
        "b4a": "^1.3.1",
        "bare-events": "^2.2.0",
        "blind-relay": "^1.3.0",
        "bogon": "^1.0.0",
        "compact-encoding": "^2.4.1",
        "compact-encoding-net": "^1.0.1",
        "dht-rpc": "^6.15.1",
        "hypercore-crypto": "^3.3.0",
        "hypercore-id-encoding": "^1.2.0",
        "noise-curve-ed": "^2.0.0",
        "noise-handshake": "^3.0.0",
        "record-cache": "^1.1.1",
        "safety-catch": "^1.0.1",
        "signal-promise": "^1.0.3",
        "sodium-universal": "^4.0.0",
        "streamx": "^2.16.1",
        "unslab": "^1.3.0",
        "xache": "^1.1.0"
      },
      "bin": {
        "hyperdht": "bin.js"
      }
    },
    "node_modules/hypertrace": {
      "version": "1.4.2",
      "resolved": "https://registry.npmjs.org/hypertrace/-/hypertrace-1.4.2.tgz",
      "integrity": "sha512-sa6iq1FaJ03Db3eUl5ZodyOL3fheyrum9xzeHasXOQ/AprTT6vS1WjpbXfYkHhmzVmyn0jBW/VsCb1QaBkGyow==",
      "license": "Apache-2.0"
    },
    "node_modules/kademlia-routing-table": {
      "version": "1.0.6",
      "resolved": "https://registry.npmjs.org/kademlia-routing-table/-/kademlia-routing-table-1.0.6.tgz",
      "integrity": "sha512-Ve6jwIlUCYvUzBnXnzVRHDZCFgXURW9gmF3r7n05kZs/2rNbLHXwGdcq0qIaSwdmJCvtosgR4JensnVU65hzNQ==",
      "license": "MIT",
      "dependencies": {
        "bare-events": "^2.2.0"
      }
    },
    "node_modules/nanoassert": {
      "version": "2.0.0",
      "resolved": "https://registry.npmjs.org/nanoassert/-/nanoassert-2.0.0.tgz",
      "integrity": "sha512-7vO7n28+aYO4J+8w96AzhmU8G+Y/xpPDJz/se19ICsqj/momRbb9mh9ZUtkoJ5X3nTnPdhEJyc0qnM6yAsHBaA==",
      "license": "ISC"
    },
    "node_modules/nat-sampler": {
      "version": "1.0.1",
      "resolved": "https://registry.npmjs.org/nat-sampler/-/nat-sampler-1.0.1.tgz",
      "integrity": "sha512-yQvyNN7xbqR8crTKk3U8gRgpcV1Az+vfCEijiHu9oHHsnIl8n3x+yXNHl42M6L3czGynAVoOT9TqBfS87gDdcw==",
      "license": "MIT"
    },
    "node_modules/noise-curve-ed": {
      "version": "2.0.1",
      "resolved": "https://registry.npmjs.org/noise-curve-ed/-/noise-curve-ed-2.0.1.tgz",
      "integrity": "sha512-8HMZ40Wmarg8RQjVemLrjB49JSL6eGeOD+tlzaQW5/p+hNPfHFEMC3UZZ57zUqUprMuz6GN+gsPExpz2DWL+iA==",
      "license": "ISC",
      "dependencies": {
        "b4a": "^1.1.0",
        "nanoassert": "^2.0.0",
        "sodium-universal": "^4.0.0"
      }
    },
    "node_modules/noise-handshake": {
      "version": "3.1.0",
      "resolved": "https://registry.npmjs.org/noise-handshake/-/noise-handshake-3.1.0.tgz",
      "integrity": "sha512-0S1qkUvMbTvZCfgr/vSkVT84YyvI4Q0OLwSc5BFxVmjaePrxAwVeXeJDY3A7N/7+qj95gZ15LaNoP9ZnBXH5Lw==",
      "license": "ISC",
      "dependencies": {
        "b4a": "^1.1.0",
        "nanoassert": "^2.0.0",
        "sodium-universal": "^4.0.0"
      }
    },
    "node_modules/protomux": {
      "version": "3.10.1",
      "resolved": "https://registry.npmjs.org/protomux/-/protomux-3.10.1.tgz",
      "integrity": "sha512-jgBqx8ZyaBWea/DFG4eOu1scOaeBwcnagiRC1XFVrjeGt7oAb0Pk5udPpBUpJ4DJBRjra50jD6YcZiQQTRqaaA==",
      "license": "MIT",
      "dependencies": {
        "b4a": "^1.3.1",
        "compact-encoding": "^2.5.1",
        "queue-tick": "^1.0.0",
        "safety-catch": "^1.0.1",
        "unslab": "^1.3.0"
      }
    },
    "node_modules/queue-tick": {
      "version": "1.0.1",
      "resolved": "https://registry.npmjs.org/queue-tick/-/queue-tick-1.0.1.tgz",
      "integrity": "sha512-kJt5qhMxoszgU/62PLP1CJytzd2NKetjSRnyuj31fDd3Rlcz3fzlFdFLD1SItunPwyqEOkca6GbV612BWfaBag==",
      "license": "MIT"
    },
    "node_modules/record-cache": {
      "version": "1.2.0",
      "resolved": "https://registry.npmjs.org/record-cache/-/record-cache-1.2.0.tgz",
      "integrity": "sha512-kyy3HWCez2WrotaL3O4fTn0rsIdfRKOdQQcEJ9KpvmKmbffKVvwsloX063EgRUlpJIXHiDQFhJcTbZequ2uTZw==",
      "license": "MIT",
      "dependencies": {
        "b4a": "^1.3.1"
      }
    },
    "node_modules/require-addon": {
      "version": "1.1.0",
      "resolved": "https://registry.npmjs.org/require-addon/-/require-addon-1.1.0.tgz",
      "integrity": "sha512-KbXAD5q2+v1GJnkzd8zzbOxchTkStSyJZ9QwoCq3QwEXAaIlG3wDYRZGzVD357jmwaGY7hr5VaoEAL0BkF0Kvg==",
      "license": "Apache-2.0",
      "dependencies": {
        "bare-addon-resolve": "^1.3.0",
        "bare-url": "^2.1.0"
      },
      "engines": {
        "bare": ">=1.10.0"
      }
    },
    "node_modules/safety-catch": {
      "version": "1.0.2",
      "resolved": "https://registry.npmjs.org/safety-catch/-/safety-catch-1.0.2.tgz",
      "integrity": "sha512-C1UYVZ4dtbBxEtvOcpjBaaD27nP8MlvyAQEp2fOTOEe6pfUpk1cDUxij6BR1jZup6rSyUTaBBplK7LanskrULA==",
      "license": "MIT"
    },
    "node_modules/signal-promise": {
      "version": "1.0.3",
      "resolved": "https://registry.npmjs.org/signal-promise/-/signal-promise-1.0.3.tgz",
      "integrity": "sha512-WBgv0UnIq2C+Aeh0/n+IRpP6967eIx9WpynTUoiW3isPpfe1zu2LJzyfXdo9Tgef8yR/sGjcMvoUXD7EYdiz+g==",
      "license": "MIT"
    },
    "node_modules/sodium-native": {
      "version": "4.3.3",
      "resolved": "https://registry.npmjs.org/sodium-native/-/sodium-native-4.3.3.tgz",
      "integrity": "sha512-OnxSlN3uyY8D0EsLHpmm2HOFmKddQVvEMmsakCrXUzSd8kjjbzL413t4ZNF3n0UxSwNgwTyUvkmZHTfuCeiYSw==",
      "license": "MIT",
      "dependencies": {
        "require-addon": "^1.1.0"
      }
    },
    "node_modules/sodium-secretstream": {
      "version": "1.1.1",
      "resolved": "https://registry.npmjs.org/sodium-secretstream/-/sodium-secretstream-1.1.1.tgz",
      "integrity": "sha512-9lRQtNdQYmANo+sgNjEQafKrd/N4ojqv17E8wOzx3yOCaOJ5Gb4MuXoYq2Nv4Xo9Kt2fOROYcmV24bamu86c8A==",
      "license": "MIT",
      "dependencies": {
        "b4a": "^1.1.1",
        "sodium-universal": "^4.0.0"
      }
    },
    "node_modules/sodium-universal": {
      "version": "4.0.1",
      "resolved": "https://registry.npmjs.org/sodium-universal/-/sodium-universal-4.0.1.tgz",
      "integrity": "sha512-sNp13PrxYLaUFHTGoDKkSDFvoEu51bfzE12RwGlqU1fcrkpAOK0NvizaJzOWV0Omtk9me2+Pnbjcf/l0efxuGQ==",
      "license": "MIT",
      "dependencies": {
        "sodium-native": "^4.0.0"
      },
      "peerDependencies": {
        "sodium-javascript": "~0.8.0"
      },
      "peerDependenciesMeta": {
        "sodium-javascript": {
          "optional": true
        }
      }
    },
    "node_modules/streamx": {
      "version": "2.22.0",
      "resolved": "https://registry.npmjs.org/streamx/-/streamx-2.22.0.tgz",
      "integrity": "sha512-sLh1evHOzBy/iWRiR6d1zRcLao4gGZr3C1kzNz4fopCOKJb6xD9ub8Mpi9Mr1R6id5o43S+d93fI48UC5uM9aw==",
      "license": "MIT",
      "dependencies": {
        "fast-fifo": "^1.3.2",
        "text-decoder": "^1.1.0"
      },
      "optionalDependencies": {
        "bare-events": "^2.2.0"
      }
    },
    "node_modules/text-decoder": {
      "version": "1.2.3",
      "resolved": "https://registry.npmjs.org/text-decoder/-/text-decoder-1.2.3.tgz",
      "integrity": "sha512-3/o9z3X0X0fTupwsYvR03pJ/DjWuqqrfwBgTQzdWDiQSm9KitAyz/9WqsT2JQW7KV2m+bC2ol/zqpW37NHxLaA==",
      "license": "Apache-2.0",
      "dependencies": {
        "b4a": "^1.6.4"
      }
    },
    "node_modules/time-ordered-set": {
      "version": "2.0.1",
      "resolved": "https://registry.npmjs.org/time-ordered-set/-/time-ordered-set-2.0.1.tgz",
      "integrity": "sha512-VJEKmgSN2UiOLB8BpN8Sh2b9LGMHTP5OPrQRpnKjvOheOyzk0mufbjzjKTIG2gO4A+Y+vDJ+0TcLbpUmMLsg8A==",
      "license": "MIT"
    },
    "node_modules/timeout-refresh": {
      "version": "2.0.1",
      "resolved": "https://registry.npmjs.org/timeout-refresh/-/timeout-refresh-2.0.1.tgz",
      "integrity": "sha512-SVqEcMZBsZF9mA78rjzCrYrUs37LMJk3ShZ851ygZYW1cMeIjs9mL57KO6Iv5mmjSQnOe/29/VAfGXo+oRCiVw==",
      "license": "MIT"
    },
    "node_modules/typescript": {
      "version": "5.8.2",
      "resolved": "https://registry.npmjs.org/typescript/-/typescript-5.8.2.tgz",
      "integrity": "sha512-aJn6wq13/afZp/jT9QZmwEjDqqvSGp1VT5GVg+f/t6/oVyrgXM6BY1h9BRh/O5p3PlUPAe+WuiEZOmb/49RqoQ==",
      "dev": true,
      "license": "Apache-2.0",
      "bin": {
        "tsc": "bin/tsc",
        "tsserver": "bin/tsserver"
      },
      "engines": {
        "node": ">=14.17"
      }
    },
    "node_modules/udx-native": {
      "version": "1.17.5",
      "resolved": "https://registry.npmjs.org/udx-native/-/udx-native-1.17.5.tgz",
      "integrity": "sha512-RMuMSzWFnvQkJG/9MlnLDKKhzc5Afm/UHZ75En3Sycf/djw+fVn1TXMv6GHaBdkiH8GGB9rPVekC+/AykiSWPg==",
      "license": "Apache-2.0",
      "dependencies": {
        "b4a": "^1.5.0",
        "bare-events": "^2.2.0",
        "require-addon": "^1.1.0",
        "streamx": "^2.14.0"
      }
    },
    "node_modules/unslab": {
      "version": "1.3.0",
      "resolved": "https://registry.npmjs.org/unslab/-/unslab-1.3.0.tgz",
      "integrity": "sha512-YATkfKAFj47kTzmiQrWXMyRvaVrHsW6MEALa4bm+FhiA2YG4oira+Z3DXN6LrYOYn2Y8eO94Lwl9DOHjs1FpoQ==",
      "license": "Apache-2.0",
      "dependencies": {
        "b4a": "^1.6.6"
      }
    },
    "node_modules/xache": {
      "version": "1.2.1",
      "resolved": "https://registry.npmjs.org/xache/-/xache-1.2.1.tgz",
      "integrity": "sha512-igRS6jPreJ54ABdzhh4mCDXcz+XMaWO2q1ABRV2yWYuk29jlp8VT7UBdCqNkX7rpYBbXsebVVKkwIuYZjyZNqA==",
      "license": "MIT"
    },
    "node_modules/z32": {
      "version": "1.1.0",
      "resolved": "https://registry.npmjs.org/z32/-/z32-1.1.0.tgz",
      "integrity": "sha512-1WUHy+VS6d0HPNspDxvLssBbeQjXMjSnpv0vH82vRAUfg847NmX3OXozp/hRP5jPhxBbrVzrgvAt+UsGNzRFQQ==",
      "license": "MIT",
      "dependencies": {
        "b4a": "^1.5.3"
      }
    }
  }
}
